
Microsoft Visual Studio Solution File, Format Version 12.00
# Visual Studio Version 17
VisualStudioVersion = 17.13.35919.96 d17.13
MinimumVisualStudioVersion = 10.0.40219.1
Project("{FAE04EC0-301F-11D3-BF4B-00C04F79EFBC}") = "ProductCycle", "ProductCycle\ProductCycle.csproj", "{A8F9016B-1B19-4BC3-900D-16C9C7FA5D41}"
EndProject
Global
	GlobalSection(SolutionConfigurationPlatforms) = preSolution
		Debug|Any CPU = Debug|Any CPU
		Release|Any CPU = Release|Any CPU
	EndGlobalSection
	GlobalSection(ProjectConfigurationPlatforms) = postSolution
		{A8F9016B-1B19-4BC3-900D-16C9C7FA5D41}.Debug|Any CPU.ActiveCfg = Debug|Any CPU
		{A8F9016B-1B19-4BC3-900D-16C9C7FA5D41}.Debug|Any CPU.Build.0 = Debug|Any CPU
		{A8F9016B-1B19-4BC3-900D-16C9C7FA5D41}.Release|Any CPU.ActiveCfg = Release|Any CPU
		{A8F9016B-1B19-4BC3-900D-16C9C7FA5D41}.Release|Any CPU.Build.0 = Release|Any CPU
	EndGlobalSection
	GlobalSection(SolutionProperties) = preSolution
		HideSolutionNode = FALSE
	EndGlobalSection
	GlobalSection(ExtensibilityGlobals) = postSolution
		SolutionGuid = {99615819-8046-4773-A6BA-C87C28E416E4}
	EndGlobalSection
EndGlobal
